
Microsoft Visual Studio Solution File, Format Version 12.00
# Visual Studio Version 16
VisualStudioVersion = 16.0.30320.27
MinimumVisualStudioVersion = 10.0.40219.1
Project("{FAE04EC0-301F-11D3-BF4B-00C04F79EFBC}") = "Array", "Array\Array.csproj", "{EEC94797-9350-4503-B5BB-E386B47F90E1}"
EndProject
Global
	GlobalSection(SolutionConfigurationPlatforms) = preSolution
		Debug|Any CPU = Debug|Any CPU
		Release|Any CPU = Release|Any CPU
	EndGlobalSection
	GlobalSection(ProjectConfigurationPlatforms) = postSolution
		{EEC94797-9350-4503-B5BB-E386B47F90E1}.Debug|Any CPU.ActiveCfg = Debug|Any CPU
		{EEC94797-9350-4503-B5BB-E386B47F90E1}.Debug|Any CPU.Build.0 = Debug|Any CPU
		{EEC94797-9350-4503-B5BB-E386B47F90E1}.Release|Any CPU.ActiveCfg = Release|Any CPU
		{EEC94797-9350-4503-B5BB-E386B47F90E1}.Release|Any CPU.Build.0 = Release|Any CPU
	EndGlobalSection
	GlobalSection(SolutionProperties) = preSolution
		HideSolutionNode = FALSE
	EndGlobalSection
	GlobalSection(ExtensibilityGlobals) = postSolution
		SolutionGuid = {2D366744-02D7-4D9A-BACB-46B8B0FA8EFF}
	EndGlobalSection
EndGlobal
