
Microsoft Visual Studio Solution File, Format Version 12.00
# Visual Studio Version 16
VisualStudioVersion = 16.0.30002.166
MinimumVisualStudioVersion = 10.0.40219.1
Project("{FAE04EC0-301F-11D3-BF4B-00C04F79EFBC}") = "Exe_Clases01", "Exe_Clases01\Exe_Clases01.csproj", "{76D22CF6-A2F7-403C-A64F-44FE6C327A40}"
EndProject
Global
	GlobalSection(SolutionConfigurationPlatforms) = preSolution
		Debug|Any CPU = Debug|Any CPU
		Release|Any CPU = Release|Any CPU
	EndGlobalSection
	GlobalSection(ProjectConfigurationPlatforms) = postSolution
		{76D22CF6-A2F7-403C-A64F-44FE6C327A40}.Debug|Any CPU.ActiveCfg = Debug|Any CPU
		{76D22CF6-A2F7-403C-A64F-44FE6C327A40}.Debug|Any CPU.Build.0 = Debug|Any CPU
		{76D22CF6-A2F7-403C-A64F-44FE6C327A40}.Release|Any CPU.ActiveCfg = Release|Any CPU
		{76D22CF6-A2F7-403C-A64F-44FE6C327A40}.Release|Any CPU.Build.0 = Release|Any CPU
	EndGlobalSection
	GlobalSection(SolutionProperties) = preSolution
		HideSolutionNode = FALSE
	EndGlobalSection
	GlobalSection(ExtensibilityGlobals) = postSolution
		SolutionGuid = {680D3D8F-A710-41EA-A1B3-59BAAF3928E1}
	EndGlobalSection
EndGlobal
